
Microsoft Visual Studio Solution File, Format Version 12.00
# Visual Studio Version 17
VisualStudioVersion = 17.4.33205.214
MinimumVisualStudioVersion = 10.0.40219.1
Project("{9A19103F-16F7-4668-BE54-9A1E7A4F7556}") = "Summator", "Summator\Summator.csproj", "{0B0CF474-7344-4B22-8009-149A813484D7}"
EndProject
Project("{FAE04EC0-301F-11D3-BF4B-00C04F79EFBC}") = "Summator.UnitTests", "Summator.UnitTests\Summator.UnitTests.csproj", "{F08045C5-3E1D-436C-B444-E8C07C57113C}"
EndProject
Global
	GlobalSection(SolutionConfigurationPlatforms) = preSolution
		Debug|Any CPU = Debug|Any CPU
		Release|Any CPU = Release|Any CPU
	EndGlobalSection
	GlobalSection(ProjectConfigurationPlatforms) = postSolution
		{0B0CF474-7344-4B22-8009-149A813484D7}.Debug|Any CPU.ActiveCfg = Debug|Any CPU
		{0B0CF474-7344-4B22-8009-149A813484D7}.Debug|Any CPU.Build.0 = Debug|Any CPU
		{0B0CF474-7344-4B22-8009-149A813484D7}.Release|Any CPU.ActiveCfg = Release|Any CPU
		{0B0CF474-7344-4B22-8009-149A813484D7}.Release|Any CPU.Build.0 = Release|Any CPU
		{F08045C5-3E1D-436C-B444-E8C07C57113C}.Debug|Any CPU.ActiveCfg = Debug|Any CPU
		{F08045C5-3E1D-436C-B444-E8C07C57113C}.Debug|Any CPU.Build.0 = Debug|Any CPU
		{F08045C5-3E1D-436C-B444-E8C07C57113C}.Release|Any CPU.ActiveCfg = Release|Any CPU
		{F08045C5-3E1D-436C-B444-E8C07C57113C}.Release|Any CPU.Build.0 = Release|Any CPU
	EndGlobalSection
	GlobalSection(SolutionProperties) = preSolution
		HideSolutionNode = FALSE
	EndGlobalSection
	GlobalSection(ExtensibilityGlobals) = postSolution
		SolutionGuid = {7E11CCB7-9779-4938-BE4E-5EF159F36BE9}
	EndGlobalSection
EndGlobal
